github.com/fogleman/delaunay v0.0.0-20180910191513-63f09b4c883d h1:TEEc0gLspsm9q0dWZZYiH0blV1MhPQnshLqSoANbxMk=
github.com/fogleman/delaunay v0.0.0-20180910191513-63f09b4c883d/go.mod h1:Twj6uBC/dSqh5vCcgzy/jO/4QWu9lqPTt1v3WEz68z8=
golang.org/x/image v0.28.0 h1:gdem5JW1OLS4FbkWgLO+7ZeFzYtL3xClb97GaUzYMFE=
golang.org/x/image v0.28.0/go.mod h1:GUJYXtnGKEUgggyzh+Vxt+AviiCcyiwpsl8iQ8MvwGY=
